
Microsoft Visual Studio Solution File, Format Version 12.00
# Visual Studio 2012
Project("{FAE04EC0-301F-11D3-BF4B-00C04F79EFBC}") = "QueryServerConnections", "QueryServerConnections\QueryServerConnections.csproj", "{9D282917-E596-4473-9471-5B3717CC1D86}"
EndProject
Global
	GlobalSection(SolutionConfigurationPlatforms) = preSolution
		Debug|Any CPU = Debug|Any CPU
		Release|Any CPU = Release|Any CPU
	EndGlobalSection
	GlobalSection(ProjectConfigurationPlatforms) = postSolution
		{9D282917-E596-4473-9471-5B3717CC1D86}.Debug|Any CPU.ActiveCfg = Debug|Any CPU
		{9D282917-E596-4473-9471-5B3717CC1D86}.Debug|Any CPU.Build.0 = Debug|Any CPU
		{9D282917-E596-4473-9471-5B3717CC1D86}.Release|Any CPU.ActiveCfg = Release|Any CPU
		{9D282917-E596-4473-9471-5B3717CC1D86}.Release|Any CPU.Build.0 = Release|Any CPU
	EndGlobalSection
	GlobalSection(SolutionProperties) = preSolution
		HideSolutionNode = FALSE
	EndGlobalSection
EndGlobal
